
Microsoft Visual Studio Solution File, Format Version 12.00
# Visual Studio Version 16
VisualStudioVersion = 16.0.31624.102
MinimumVisualStudioVersion = 10.0.40219.1
Project("{FAE04EC0-301F-11D3-BF4B-00C04F79EFBC}") = "SCP5000", "SCP5000\SCP5000.csproj", "{E41A4DD1-20A3-4872-ACD1-244D8E351679}"
EndProject
Global
	GlobalSection(SolutionConfigurationPlatforms) = preSolution
		Debug|Any CPU = Debug|Any CPU
		Release|Any CPU = Release|Any CPU
	EndGlobalSection
	GlobalSection(ProjectConfigurationPlatforms) = postSolution
		{E41A4DD1-20A3-4872-ACD1-244D8E351679}.Debug|Any CPU.ActiveCfg = Debug|Any CPU
		{E41A4DD1-20A3-4872-ACD1-244D8E351679}.Debug|Any CPU.Build.0 = Debug|Any CPU
		{E41A4DD1-20A3-4872-ACD1-244D8E351679}.Release|Any CPU.ActiveCfg = Release|Any CPU
		{E41A4DD1-20A3-4872-ACD1-244D8E351679}.Release|Any CPU.Build.0 = Release|Any CPU
	EndGlobalSection
	GlobalSection(SolutionProperties) = preSolution
		HideSolutionNode = FALSE
	EndGlobalSection
	GlobalSection(ExtensibilityGlobals) = postSolution
		SolutionGuid = {672B7F37-4DAB-4D04-B4A4-F34F00E2E554}
	EndGlobalSection
EndGlobal
